
Microsoft Visual Studio Solution File, Format Version 12.00
# Visual Studio Version 17
VisualStudioVersion = 17.5.002.0
MinimumVisualStudioVersion = 10.0.40219.1
Project("{2150E333-8FDC-42A3-9474-1A3956D46DE8}") = "ClickHouse", "ClickHouse", "{B6D230C7-6DF2-4451-9B60-5F8C341CEE5C}"
EndProject
Project("{2150E333-8FDC-42A3-9474-1A3956D46DE8}") = "docker", "docker", "{B4D037B7-D59B-409F-9BB0-668511FF6F89}"
EndProject
Project("{2150E333-8FDC-42A3-9474-1A3956D46DE8}") = "test", "test", "{0CBAC416-8D1E-4240-BD10-EB018FE0F83C}"
EndProject
Project("{2150E333-8FDC-42A3-9474-1A3956D46DE8}") = "integration", "integration", "{134465A7-AAF0-4431-A740-1213D0EFD7F4}"
EndProject
Project("{9A19103F-16F7-4668-BE54-9A1E7A4F7556}") = "clickhouse.test", "ClickHouse\docker\test\integration\dotnet_client\clickhouse.test.csproj", "{95EC154C-3B37-4879-BCE9-57C3BE8D0DE5}"
EndProject
Global
	GlobalSection(SolutionConfigurationPlatforms) = preSolution
		Debug|Any CPU = Debug|Any CPU
		Release|Any CPU = Release|Any CPU
	EndGlobalSection
	GlobalSection(ProjectConfigurationPlatforms) = postSolution
		{95EC154C-3B37-4879-BCE9-57C3BE8D0DE5}.Debug|Any CPU.ActiveCfg = Debug|Any CPU
		{95EC154C-3B37-4879-BCE9-57C3BE8D0DE5}.Debug|Any CPU.Build.0 = Debug|Any CPU
		{95EC154C-3B37-4879-BCE9-57C3BE8D0DE5}.Release|Any CPU.ActiveCfg = Release|Any CPU
		{95EC154C-3B37-4879-BCE9-57C3BE8D0DE5}.Release|Any CPU.Build.0 = Release|Any CPU
	EndGlobalSection
	GlobalSection(SolutionProperties) = preSolution
		HideSolutionNode = FALSE
	EndGlobalSection
	GlobalSection(NestedProjects) = preSolution
		{B4D037B7-D59B-409F-9BB0-668511FF6F89} = {B6D230C7-6DF2-4451-9B60-5F8C341CEE5C}
		{0CBAC416-8D1E-4240-BD10-EB018FE0F83C} = {B4D037B7-D59B-409F-9BB0-668511FF6F89}
		{134465A7-AAF0-4431-A740-1213D0EFD7F4} = {0CBAC416-8D1E-4240-BD10-EB018FE0F83C}
		{95EC154C-3B37-4879-BCE9-57C3BE8D0DE5} = {134465A7-AAF0-4431-A740-1213D0EFD7F4}
	EndGlobalSection
	GlobalSection(ExtensibilityGlobals) = postSolution
		SolutionGuid = {AB994413-4700-4A11-8BAE-A54E1EBBF6B8}
	EndGlobalSection
EndGlobal
